
Microsoft Visual Studio Solution File, Format Version 12.00
# Visual Studio Version 16
VisualStudioVersion = 16.0.31624.102
MinimumVisualStudioVersion = 10.0.40219.1
Project("{FAE04EC0-301F-11D3-BF4B-00C04F79EFBC}") = "Ejercicio 20", "Ejercicio 20\Ejercicio 20.csproj", "{75C8124F-858E-4559-A952-24297AC86586}"
EndProject
Project("{FAE04EC0-301F-11D3-BF4B-00C04F79EFBC}") = "Entidades", "Entidades\Entidades.csproj", "{AD995BA7-CD42-46E7-B199-5D0CDB3AFE37}"
EndProject
Global
	GlobalSection(SolutionConfigurationPlatforms) = preSolution
		Debug|Any CPU = Debug|Any CPU
		Release|Any CPU = Release|Any CPU
	EndGlobalSection
	GlobalSection(ProjectConfigurationPlatforms) = postSolution
		{75C8124F-858E-4559-A952-24297AC86586}.Debug|Any CPU.ActiveCfg = Debug|Any CPU
		{75C8124F-858E-4559-A952-24297AC86586}.Debug|Any CPU.Build.0 = Debug|Any CPU
		{75C8124F-858E-4559-A952-24297AC86586}.Release|Any CPU.ActiveCfg = Release|Any CPU
		{75C8124F-858E-4559-A952-24297AC86586}.Release|Any CPU.Build.0 = Release|Any CPU
		{AD995BA7-CD42-46E7-B199-5D0CDB3AFE37}.Debug|Any CPU.ActiveCfg = Debug|Any CPU
		{AD995BA7-CD42-46E7-B199-5D0CDB3AFE37}.Debug|Any CPU.Build.0 = Debug|Any CPU
		{AD995BA7-CD42-46E7-B199-5D0CDB3AFE37}.Release|Any CPU.ActiveCfg = Release|Any CPU
		{AD995BA7-CD42-46E7-B199-5D0CDB3AFE37}.Release|Any CPU.Build.0 = Release|Any CPU
	EndGlobalSection
	GlobalSection(SolutionProperties) = preSolution
		HideSolutionNode = FALSE
	EndGlobalSection
	GlobalSection(ExtensibilityGlobals) = postSolution
		SolutionGuid = {76C20185-AB5E-4D92-A6EB-309915364021}
	EndGlobalSection
EndGlobal
