
Microsoft Visual Studio Solution File, Format Version 12.00
# Visual Studio Version 16
VisualStudioVersion = 16.0.31624.102
MinimumVisualStudioVersion = 10.0.40219.1
Project("{FAE04EC0-301F-11D3-BF4B-00C04F79EFBC}") = "Ejercicio 12", "Ejercicio 12\Ejercicio 12.csproj", "{47BE2912-3AFE-489E-BBDC-CEFCCC74FDDC}"
EndProject
Project("{FAE04EC0-301F-11D3-BF4B-00C04F79EFBC}") = "BibliotecaClases", "BibliotecaClases\BibliotecaClases.csproj", "{540EECA2-384C-41EB-BA66-E444E0CC0D5D}"
EndProject
Global
	GlobalSection(SolutionConfigurationPlatforms) = preSolution
		Debug|Any CPU = Debug|Any CPU
		Release|Any CPU = Release|Any CPU
	EndGlobalSection
	GlobalSection(ProjectConfigurationPlatforms) = postSolution
		{47BE2912-3AFE-489E-BBDC-CEFCCC74FDDC}.Debug|Any CPU.ActiveCfg = Debug|Any CPU
		{47BE2912-3AFE-489E-BBDC-CEFCCC74FDDC}.Debug|Any CPU.Build.0 = Debug|Any CPU
		{47BE2912-3AFE-489E-BBDC-CEFCCC74FDDC}.Release|Any CPU.ActiveCfg = Release|Any CPU
		{47BE2912-3AFE-489E-BBDC-CEFCCC74FDDC}.Release|Any CPU.Build.0 = Release|Any CPU
		{540EECA2-384C-41EB-BA66-E444E0CC0D5D}.Debug|Any CPU.ActiveCfg = Debug|Any CPU
		{540EECA2-384C-41EB-BA66-E444E0CC0D5D}.Debug|Any CPU.Build.0 = Debug|Any CPU
		{540EECA2-384C-41EB-BA66-E444E0CC0D5D}.Release|Any CPU.ActiveCfg = Release|Any CPU
		{540EECA2-384C-41EB-BA66-E444E0CC0D5D}.Release|Any CPU.Build.0 = Release|Any CPU
	EndGlobalSection
	GlobalSection(SolutionProperties) = preSolution
		HideSolutionNode = FALSE
	EndGlobalSection
	GlobalSection(ExtensibilityGlobals) = postSolution
		SolutionGuid = {BB836467-A935-4823-9699-FCBF09FE3FB4}
	EndGlobalSection
EndGlobal
