
Microsoft Visual Studio Solution File, Format Version 12.00
# Visual Studio Version 16
VisualStudioVersion = 16.0.31624.102
MinimumVisualStudioVersion = 10.0.40219.1
Project("{FAE04EC0-301F-11D3-BF4B-00C04F79EFBC}") = "Ejercicio 5", "Ejercicio 5\Ejercicio 5.csproj", "{3FFCB565-9FEC-4D6C-96F1-92D82DA44B34}"
EndProject
Global
	GlobalSection(SolutionConfigurationPlatforms) = preSolution
		Debug|Any CPU = Debug|Any CPU
		Release|Any CPU = Release|Any CPU
	EndGlobalSection
	GlobalSection(ProjectConfigurationPlatforms) = postSolution
		{3FFCB565-9FEC-4D6C-96F1-92D82DA44B34}.Debug|Any CPU.ActiveCfg = Debug|Any CPU
		{3FFCB565-9FEC-4D6C-96F1-92D82DA44B34}.Debug|Any CPU.Build.0 = Debug|Any CPU
		{3FFCB565-9FEC-4D6C-96F1-92D82DA44B34}.Release|Any CPU.ActiveCfg = Release|Any CPU
		{3FFCB565-9FEC-4D6C-96F1-92D82DA44B34}.Release|Any CPU.Build.0 = Release|Any CPU
	EndGlobalSection
	GlobalSection(SolutionProperties) = preSolution
		HideSolutionNode = FALSE
	EndGlobalSection
	GlobalSection(ExtensibilityGlobals) = postSolution
		SolutionGuid = {325224D9-6DD7-4D09-A7E2-2C30ADE7D14D}
	EndGlobalSection
EndGlobal
