
Microsoft Visual Studio Solution File, Format Version 12.00
# Visual Studio Version 16
VisualStudioVersion = 16.0.31624.102
MinimumVisualStudioVersion = 10.0.40219.1
Project("{FAE04EC0-301F-11D3-BF4B-00C04F79EFBC}") = "ConsoleApp1", "ConsoleApp1\ConsoleApp1.csproj", "{B312AA3E-1E62-433A-B96C-82A70F8B4366}"
EndProject
Global
	GlobalSection(SolutionConfigurationPlatforms) = preSolution
		Debug|Any CPU = Debug|Any CPU
		Release|Any CPU = Release|Any CPU
	EndGlobalSection
	GlobalSection(ProjectConfigurationPlatforms) = postSolution
		{B312AA3E-1E62-433A-B96C-82A70F8B4366}.Debug|Any CPU.ActiveCfg = Debug|Any CPU
		{B312AA3E-1E62-433A-B96C-82A70F8B4366}.Debug|Any CPU.Build.0 = Debug|Any CPU
		{B312AA3E-1E62-433A-B96C-82A70F8B4366}.Release|Any CPU.ActiveCfg = Release|Any CPU
		{B312AA3E-1E62-433A-B96C-82A70F8B4366}.Release|Any CPU.Build.0 = Release|Any CPU
	EndGlobalSection
	GlobalSection(SolutionProperties) = preSolution
		HideSolutionNode = FALSE
	EndGlobalSection
	GlobalSection(ExtensibilityGlobals) = postSolution
		SolutionGuid = {DC11C668-82FE-4F30-A4FA-F7390A7A954C}
	EndGlobalSection
EndGlobal
