
Microsoft Visual Studio Solution File, Format Version 12.00
# Visual Studio Version 16
VisualStudioVersion = 16.0.31624.102
MinimumVisualStudioVersion = 10.0.40219.1
Project("{FAE04EC0-301F-11D3-BF4B-00C04F79EFBC}") = "Ejercicio 72", "Ejercicio 72\Ejercicio 72.csproj", "{BFCAAB42-7694-4A29-9942-BAB4430CA626}"
EndProject
Project("{FAE04EC0-301F-11D3-BF4B-00C04F79EFBC}") = "Entidades", "Entidades\Entidades.csproj", "{BDD8AE95-BB50-49C8-9F65-A9C917CA2AA8}"
EndProject
Global
	GlobalSection(SolutionConfigurationPlatforms) = preSolution
		Debug|Any CPU = Debug|Any CPU
		Release|Any CPU = Release|Any CPU
	EndGlobalSection
	GlobalSection(ProjectConfigurationPlatforms) = postSolution
		{BFCAAB42-7694-4A29-9942-BAB4430CA626}.Debug|Any CPU.ActiveCfg = Debug|Any CPU
		{BFCAAB42-7694-4A29-9942-BAB4430CA626}.Debug|Any CPU.Build.0 = Debug|Any CPU
		{BFCAAB42-7694-4A29-9942-BAB4430CA626}.Release|Any CPU.ActiveCfg = Release|Any CPU
		{BFCAAB42-7694-4A29-9942-BAB4430CA626}.Release|Any CPU.Build.0 = Release|Any CPU
		{BDD8AE95-BB50-49C8-9F65-A9C917CA2AA8}.Debug|Any CPU.ActiveCfg = Debug|Any CPU
		{BDD8AE95-BB50-49C8-9F65-A9C917CA2AA8}.Debug|Any CPU.Build.0 = Debug|Any CPU
		{BDD8AE95-BB50-49C8-9F65-A9C917CA2AA8}.Release|Any CPU.ActiveCfg = Release|Any CPU
		{BDD8AE95-BB50-49C8-9F65-A9C917CA2AA8}.Release|Any CPU.Build.0 = Release|Any CPU
	EndGlobalSection
	GlobalSection(SolutionProperties) = preSolution
		HideSolutionNode = FALSE
	EndGlobalSection
	GlobalSection(ExtensibilityGlobals) = postSolution
		SolutionGuid = {F135D672-C62E-455D-A9B3-6F0B5CC518E6}
	EndGlobalSection
EndGlobal
