
Microsoft Visual Studio Solution File, Format Version 12.00
# Visual Studio Version 16
VisualStudioVersion = 16.0.31624.102
MinimumVisualStudioVersion = 10.0.40219.1
Project("{FAE04EC0-301F-11D3-BF4B-00C04F79EFBC}") = "Ejercicio 2", "Ejercicio 2\Ejercicio 2.csproj", "{75C51D5E-2733-40C9-886F-871C0E6F639C}"
EndProject
Global
	GlobalSection(SolutionConfigurationPlatforms) = preSolution
		Debug|Any CPU = Debug|Any CPU
		Release|Any CPU = Release|Any CPU
	EndGlobalSection
	GlobalSection(ProjectConfigurationPlatforms) = postSolution
		{75C51D5E-2733-40C9-886F-871C0E6F639C}.Debug|Any CPU.ActiveCfg = Debug|Any CPU
		{75C51D5E-2733-40C9-886F-871C0E6F639C}.Debug|Any CPU.Build.0 = Debug|Any CPU
		{75C51D5E-2733-40C9-886F-871C0E6F639C}.Release|Any CPU.ActiveCfg = Release|Any CPU
		{75C51D5E-2733-40C9-886F-871C0E6F639C}.Release|Any CPU.Build.0 = Release|Any CPU
	EndGlobalSection
	GlobalSection(SolutionProperties) = preSolution
		HideSolutionNode = FALSE
	EndGlobalSection
	GlobalSection(ExtensibilityGlobals) = postSolution
		SolutionGuid = {80FE9435-281E-4020-BCEC-F2E4C9AAC6A8}
	EndGlobalSection
EndGlobal
