
Microsoft Visual Studio Solution File, Format Version 12.00
# Visual Studio Version 16
VisualStudioVersion = 16.0.31624.102
MinimumVisualStudioVersion = 10.0.40219.1
Project("{FAE04EC0-301F-11D3-BF4B-00C04F79EFBC}") = "Ejercicio 25", "Ejercicio 25\Ejercicio 25.csproj", "{D181BE82-9BEF-462A-A895-BAF69931A6E0}"
EndProject
Project("{9A19103F-16F7-4668-BE54-9A1E7A4F7556}") = "Entidades", "Entidades\Entidades.csproj", "{27CBA65D-EA2B-4FB5-ABCF-EAFC1EB32A2A}"
EndProject
Global
	GlobalSection(SolutionConfigurationPlatforms) = preSolution
		Debug|Any CPU = Debug|Any CPU
		Release|Any CPU = Release|Any CPU
	EndGlobalSection
	GlobalSection(ProjectConfigurationPlatforms) = postSolution
		{D181BE82-9BEF-462A-A895-BAF69931A6E0}.Debug|Any CPU.ActiveCfg = Debug|Any CPU
		{D181BE82-9BEF-462A-A895-BAF69931A6E0}.Debug|Any CPU.Build.0 = Debug|Any CPU
		{D181BE82-9BEF-462A-A895-BAF69931A6E0}.Release|Any CPU.ActiveCfg = Release|Any CPU
		{D181BE82-9BEF-462A-A895-BAF69931A6E0}.Release|Any CPU.Build.0 = Release|Any CPU
		{27CBA65D-EA2B-4FB5-ABCF-EAFC1EB32A2A}.Debug|Any CPU.ActiveCfg = Debug|Any CPU
		{27CBA65D-EA2B-4FB5-ABCF-EAFC1EB32A2A}.Debug|Any CPU.Build.0 = Debug|Any CPU
		{27CBA65D-EA2B-4FB5-ABCF-EAFC1EB32A2A}.Release|Any CPU.ActiveCfg = Release|Any CPU
		{27CBA65D-EA2B-4FB5-ABCF-EAFC1EB32A2A}.Release|Any CPU.Build.0 = Release|Any CPU
	EndGlobalSection
	GlobalSection(SolutionProperties) = preSolution
		HideSolutionNode = FALSE
	EndGlobalSection
	GlobalSection(ExtensibilityGlobals) = postSolution
		SolutionGuid = {C9B60417-89ED-4ADD-AF2E-C854628B82EF}
	EndGlobalSection
EndGlobal
