
Microsoft Visual Studio Solution File, Format Version 12.00
# Visual Studio Version 16
VisualStudioVersion = 16.0.31729.503
MinimumVisualStudioVersion = 10.0.40219.1
Project("{FAE04EC0-301F-11D3-BF4B-00C04F79EFBC}") = "Ejercicio 57", "Ejercicio 57\Ejercicio 57.csproj", "{9DCF48A7-24A5-4010-8567-25B8D447B2EA}"
EndProject
Project("{FAE04EC0-301F-11D3-BF4B-00C04F79EFBC}") = "Entidades", "Entidades\Entidades.csproj", "{538548B5-58A1-47B4-B970-AD298B3AE023}"
EndProject
Global
	GlobalSection(SolutionConfigurationPlatforms) = preSolution
		Debug|Any CPU = Debug|Any CPU
		Release|Any CPU = Release|Any CPU
	EndGlobalSection
	GlobalSection(ProjectConfigurationPlatforms) = postSolution
		{9DCF48A7-24A5-4010-8567-25B8D447B2EA}.Debug|Any CPU.ActiveCfg = Debug|Any CPU
		{9DCF48A7-24A5-4010-8567-25B8D447B2EA}.Debug|Any CPU.Build.0 = Debug|Any CPU
		{9DCF48A7-24A5-4010-8567-25B8D447B2EA}.Release|Any CPU.ActiveCfg = Release|Any CPU
		{9DCF48A7-24A5-4010-8567-25B8D447B2EA}.Release|Any CPU.Build.0 = Release|Any CPU
		{538548B5-58A1-47B4-B970-AD298B3AE023}.Debug|Any CPU.ActiveCfg = Debug|Any CPU
		{538548B5-58A1-47B4-B970-AD298B3AE023}.Debug|Any CPU.Build.0 = Debug|Any CPU
		{538548B5-58A1-47B4-B970-AD298B3AE023}.Release|Any CPU.ActiveCfg = Release|Any CPU
		{538548B5-58A1-47B4-B970-AD298B3AE023}.Release|Any CPU.Build.0 = Release|Any CPU
	EndGlobalSection
	GlobalSection(SolutionProperties) = preSolution
		HideSolutionNode = FALSE
	EndGlobalSection
	GlobalSection(ExtensibilityGlobals) = postSolution
		SolutionGuid = {D7D05DCF-5E16-486F-BB0E-EB6726D2C909}
	EndGlobalSection
EndGlobal
