
Microsoft Visual Studio Solution File, Format Version 12.00
# Visual Studio Version 16
VisualStudioVersion = 16.0.31624.102
MinimumVisualStudioVersion = 10.0.40219.1
Project("{FAE04EC0-301F-11D3-BF4B-00C04F79EFBC}") = "Ejercicio 33", "Ejercicio 33\Ejercicio 33.csproj", "{C5BDC126-9AC0-4AD2-B029-664055E81A23}"
EndProject
Project("{FAE04EC0-301F-11D3-BF4B-00C04F79EFBC}") = "Entidades", "Entidades\Entidades.csproj", "{D32DCBD6-87BA-4D13-9D84-0239BF19A094}"
EndProject
Global
	GlobalSection(SolutionConfigurationPlatforms) = preSolution
		Debug|Any CPU = Debug|Any CPU
		Release|Any CPU = Release|Any CPU
	EndGlobalSection
	GlobalSection(ProjectConfigurationPlatforms) = postSolution
		{C5BDC126-9AC0-4AD2-B029-664055E81A23}.Debug|Any CPU.ActiveCfg = Debug|Any CPU
		{C5BDC126-9AC0-4AD2-B029-664055E81A23}.Debug|Any CPU.Build.0 = Debug|Any CPU
		{C5BDC126-9AC0-4AD2-B029-664055E81A23}.Release|Any CPU.ActiveCfg = Release|Any CPU
		{C5BDC126-9AC0-4AD2-B029-664055E81A23}.Release|Any CPU.Build.0 = Release|Any CPU
		{D32DCBD6-87BA-4D13-9D84-0239BF19A094}.Debug|Any CPU.ActiveCfg = Debug|Any CPU
		{D32DCBD6-87BA-4D13-9D84-0239BF19A094}.Debug|Any CPU.Build.0 = Debug|Any CPU
		{D32DCBD6-87BA-4D13-9D84-0239BF19A094}.Release|Any CPU.ActiveCfg = Release|Any CPU
		{D32DCBD6-87BA-4D13-9D84-0239BF19A094}.Release|Any CPU.Build.0 = Release|Any CPU
	EndGlobalSection
	GlobalSection(SolutionProperties) = preSolution
		HideSolutionNode = FALSE
	EndGlobalSection
	GlobalSection(ExtensibilityGlobals) = postSolution
		SolutionGuid = {EB070B2C-FDCA-48CE-B173-DB2A7F63E8FB}
	EndGlobalSection
EndGlobal
