
Microsoft Visual Studio Solution File, Format Version 12.00
# Visual Studio Version 16
VisualStudioVersion = 16.0.31624.102
MinimumVisualStudioVersion = 10.0.40219.1
Project("{FAE04EC0-301F-11D3-BF4B-00C04F79EFBC}") = "Ejercicio 11", "Ejercicio 11\Ejercicio 11.csproj", "{DD4085A4-D4B8-4F28-A08E-9224C708E0CF}"
EndProject
Project("{FAE04EC0-301F-11D3-BF4B-00C04F79EFBC}") = "ClassLibrary1", "ClassLibrary1\ClassLibrary1.csproj", "{78F1F375-6B08-47AA-97B2-21F36A9DA1E2}"
EndProject
Global
	GlobalSection(SolutionConfigurationPlatforms) = preSolution
		Debug|Any CPU = Debug|Any CPU
		Release|Any CPU = Release|Any CPU
	EndGlobalSection
	GlobalSection(ProjectConfigurationPlatforms) = postSolution
		{DD4085A4-D4B8-4F28-A08E-9224C708E0CF}.Debug|Any CPU.ActiveCfg = Debug|Any CPU
		{DD4085A4-D4B8-4F28-A08E-9224C708E0CF}.Debug|Any CPU.Build.0 = Debug|Any CPU
		{DD4085A4-D4B8-4F28-A08E-9224C708E0CF}.Release|Any CPU.ActiveCfg = Release|Any CPU
		{DD4085A4-D4B8-4F28-A08E-9224C708E0CF}.Release|Any CPU.Build.0 = Release|Any CPU
		{78F1F375-6B08-47AA-97B2-21F36A9DA1E2}.Debug|Any CPU.ActiveCfg = Debug|Any CPU
		{78F1F375-6B08-47AA-97B2-21F36A9DA1E2}.Debug|Any CPU.Build.0 = Debug|Any CPU
		{78F1F375-6B08-47AA-97B2-21F36A9DA1E2}.Release|Any CPU.ActiveCfg = Release|Any CPU
		{78F1F375-6B08-47AA-97B2-21F36A9DA1E2}.Release|Any CPU.Build.0 = Release|Any CPU
	EndGlobalSection
	GlobalSection(SolutionProperties) = preSolution
		HideSolutionNode = FALSE
	EndGlobalSection
	GlobalSection(ExtensibilityGlobals) = postSolution
		SolutionGuid = {D8F5612F-C17B-49F6-9E8E-672C3DDE7234}
	EndGlobalSection
EndGlobal
