
Microsoft Visual Studio Solution File, Format Version 12.00
# Visual Studio Version 16
VisualStudioVersion = 16.0.31729.503
MinimumVisualStudioVersion = 10.0.40219.1
Project("{FAE04EC0-301F-11D3-BF4B-00C04F79EFBC}") = "Ejercicio I01 - El delegado", "Ejercicio I01 - El delegado\Ejercicio I01 - El delegado.csproj", "{79F5776A-72F8-4E08-8442-4909A834F635}"
EndProject
Global
	GlobalSection(SolutionConfigurationPlatforms) = preSolution
		Debug|Any CPU = Debug|Any CPU
		Release|Any CPU = Release|Any CPU
	EndGlobalSection
	GlobalSection(ProjectConfigurationPlatforms) = postSolution
		{79F5776A-72F8-4E08-8442-4909A834F635}.Debug|Any CPU.ActiveCfg = Debug|Any CPU
		{79F5776A-72F8-4E08-8442-4909A834F635}.Debug|Any CPU.Build.0 = Debug|Any CPU
		{79F5776A-72F8-4E08-8442-4909A834F635}.Release|Any CPU.ActiveCfg = Release|Any CPU
		{79F5776A-72F8-4E08-8442-4909A834F635}.Release|Any CPU.Build.0 = Release|Any CPU
	EndGlobalSection
	GlobalSection(SolutionProperties) = preSolution
		HideSolutionNode = FALSE
	EndGlobalSection
	GlobalSection(ExtensibilityGlobals) = postSolution
		SolutionGuid = {89A9F2CA-E2AC-478C-90FF-460CAA0EE7DC}
	EndGlobalSection
EndGlobal
