
Microsoft Visual Studio Solution File, Format Version 12.00
# Visual Studio Version 16
VisualStudioVersion = 16.0.31624.102
MinimumVisualStudioVersion = 10.0.40219.1
Project("{FAE04EC0-301F-11D3-BF4B-00C04F79EFBC}") = "Ejercicio 34", "Ejercicio 34\Ejercicio 34.csproj", "{9C271BA7-AF80-4510-B042-61C4055776EA}"
EndProject
Project("{FAE04EC0-301F-11D3-BF4B-00C04F79EFBC}") = "Entidades", "Entidades\Entidades.csproj", "{6B813EAA-5E26-4625-B0D1-30B119589558}"
EndProject
Global
	GlobalSection(SolutionConfigurationPlatforms) = preSolution
		Debug|Any CPU = Debug|Any CPU
		Release|Any CPU = Release|Any CPU
	EndGlobalSection
	GlobalSection(ProjectConfigurationPlatforms) = postSolution
		{9C271BA7-AF80-4510-B042-61C4055776EA}.Debug|Any CPU.ActiveCfg = Debug|Any CPU
		{9C271BA7-AF80-4510-B042-61C4055776EA}.Debug|Any CPU.Build.0 = Debug|Any CPU
		{9C271BA7-AF80-4510-B042-61C4055776EA}.Release|Any CPU.ActiveCfg = Release|Any CPU
		{9C271BA7-AF80-4510-B042-61C4055776EA}.Release|Any CPU.Build.0 = Release|Any CPU
		{6B813EAA-5E26-4625-B0D1-30B119589558}.Debug|Any CPU.ActiveCfg = Debug|Any CPU
		{6B813EAA-5E26-4625-B0D1-30B119589558}.Debug|Any CPU.Build.0 = Debug|Any CPU
		{6B813EAA-5E26-4625-B0D1-30B119589558}.Release|Any CPU.ActiveCfg = Release|Any CPU
		{6B813EAA-5E26-4625-B0D1-30B119589558}.Release|Any CPU.Build.0 = Release|Any CPU
	EndGlobalSection
	GlobalSection(SolutionProperties) = preSolution
		HideSolutionNode = FALSE
	EndGlobalSection
	GlobalSection(ExtensibilityGlobals) = postSolution
		SolutionGuid = {A358B0B1-A745-4183-B004-039B76F9CD5C}
	EndGlobalSection
EndGlobal
