
Microsoft Visual Studio Solution File, Format Version 12.00
# Visual Studio Version 16
VisualStudioVersion = 16.0.31624.102
MinimumVisualStudioVersion = 10.0.40219.1
Project("{FAE04EC0-301F-11D3-BF4B-00C04F79EFBC}") = "Ejercicio 39", "Ejercicio 39\Ejercicio 39.csproj", "{81C3EF6F-22EB-4642-AF30-3AAF8577DB58}"
EndProject
Project("{9A19103F-16F7-4668-BE54-9A1E7A4F7556}") = "Entidades", "Entidades\Entidades.csproj", "{AD15D8AC-F2AC-4AB7-9670-22FD1D691203}"
EndProject
Global
	GlobalSection(SolutionConfigurationPlatforms) = preSolution
		Debug|Any CPU = Debug|Any CPU
		Release|Any CPU = Release|Any CPU
	EndGlobalSection
	GlobalSection(ProjectConfigurationPlatforms) = postSolution
		{81C3EF6F-22EB-4642-AF30-3AAF8577DB58}.Debug|Any CPU.ActiveCfg = Debug|Any CPU
		{81C3EF6F-22EB-4642-AF30-3AAF8577DB58}.Debug|Any CPU.Build.0 = Debug|Any CPU
		{81C3EF6F-22EB-4642-AF30-3AAF8577DB58}.Release|Any CPU.ActiveCfg = Release|Any CPU
		{81C3EF6F-22EB-4642-AF30-3AAF8577DB58}.Release|Any CPU.Build.0 = Release|Any CPU
		{AD15D8AC-F2AC-4AB7-9670-22FD1D691203}.Debug|Any CPU.ActiveCfg = Debug|Any CPU
		{AD15D8AC-F2AC-4AB7-9670-22FD1D691203}.Debug|Any CPU.Build.0 = Debug|Any CPU
		{AD15D8AC-F2AC-4AB7-9670-22FD1D691203}.Release|Any CPU.ActiveCfg = Release|Any CPU
		{AD15D8AC-F2AC-4AB7-9670-22FD1D691203}.Release|Any CPU.Build.0 = Release|Any CPU
	EndGlobalSection
	GlobalSection(SolutionProperties) = preSolution
		HideSolutionNode = FALSE
	EndGlobalSection
	GlobalSection(ExtensibilityGlobals) = postSolution
		SolutionGuid = {02E78795-0F38-4A4D-8F42-F68F07E6FEE8}
	EndGlobalSection
EndGlobal
