
Microsoft Visual Studio Solution File, Format Version 12.00
# Visual Studio Version 16
VisualStudioVersion = 16.0.31624.102
MinimumVisualStudioVersion = 10.0.40219.1
Project("{FAE04EC0-301F-11D3-BF4B-00C04F79EFBC}") = "Ejercicio 7", "Ejercicio 7\Ejercicio 7.csproj", "{CD207C18-13F9-460F-ADA4-6AF42DCB9D9F}"
EndProject
Global
	GlobalSection(SolutionConfigurationPlatforms) = preSolution
		Debug|Any CPU = Debug|Any CPU
		Release|Any CPU = Release|Any CPU
	EndGlobalSection
	GlobalSection(ProjectConfigurationPlatforms) = postSolution
		{CD207C18-13F9-460F-ADA4-6AF42DCB9D9F}.Debug|Any CPU.ActiveCfg = Debug|Any CPU
		{CD207C18-13F9-460F-ADA4-6AF42DCB9D9F}.Debug|Any CPU.Build.0 = Debug|Any CPU
		{CD207C18-13F9-460F-ADA4-6AF42DCB9D9F}.Release|Any CPU.ActiveCfg = Release|Any CPU
		{CD207C18-13F9-460F-ADA4-6AF42DCB9D9F}.Release|Any CPU.Build.0 = Release|Any CPU
	EndGlobalSection
	GlobalSection(SolutionProperties) = preSolution
		HideSolutionNode = FALSE
	EndGlobalSection
	GlobalSection(ExtensibilityGlobals) = postSolution
		SolutionGuid = {C0CEC950-FBB8-48B9-9456-2005D26967F1}
	EndGlobalSection
EndGlobal
