
Microsoft Visual Studio Solution File, Format Version 12.00
# Visual Studio Version 16
VisualStudioVersion = 16.0.31624.102
MinimumVisualStudioVersion = 10.0.40219.1
Project("{FAE04EC0-301F-11D3-BF4B-00C04F79EFBC}") = "Ejercicio 52", "Ejercicio 52\Ejercicio 52.csproj", "{9B9B9431-893C-4898-AC63-35265AB3A5F0}"
EndProject
Project("{FAE04EC0-301F-11D3-BF4B-00C04F79EFBC}") = "Entidades", "Entidades\Entidades.csproj", "{532BE66D-8E85-4334-9177-861B57A317C2}"
EndProject
Global
	GlobalSection(SolutionConfigurationPlatforms) = preSolution
		Debug|Any CPU = Debug|Any CPU
		Release|Any CPU = Release|Any CPU
	EndGlobalSection
	GlobalSection(ProjectConfigurationPlatforms) = postSolution
		{9B9B9431-893C-4898-AC63-35265AB3A5F0}.Debug|Any CPU.ActiveCfg = Debug|Any CPU
		{9B9B9431-893C-4898-AC63-35265AB3A5F0}.Debug|Any CPU.Build.0 = Debug|Any CPU
		{9B9B9431-893C-4898-AC63-35265AB3A5F0}.Release|Any CPU.ActiveCfg = Release|Any CPU
		{9B9B9431-893C-4898-AC63-35265AB3A5F0}.Release|Any CPU.Build.0 = Release|Any CPU
		{532BE66D-8E85-4334-9177-861B57A317C2}.Debug|Any CPU.ActiveCfg = Debug|Any CPU
		{532BE66D-8E85-4334-9177-861B57A317C2}.Debug|Any CPU.Build.0 = Debug|Any CPU
		{532BE66D-8E85-4334-9177-861B57A317C2}.Release|Any CPU.ActiveCfg = Release|Any CPU
		{532BE66D-8E85-4334-9177-861B57A317C2}.Release|Any CPU.Build.0 = Release|Any CPU
	EndGlobalSection
	GlobalSection(SolutionProperties) = preSolution
		HideSolutionNode = FALSE
	EndGlobalSection
	GlobalSection(ExtensibilityGlobals) = postSolution
		SolutionGuid = {8AA3F84B-FB19-4504-A185-1389911BDCCF}
	EndGlobalSection
EndGlobal
