
Microsoft Visual Studio Solution File, Format Version 12.00
# Visual Studio Version 16
VisualStudioVersion = 16.0.31729.503
MinimumVisualStudioVersion = 10.0.40219.1
Project("{FAE04EC0-301F-11D3-BF4B-00C04F79EFBC}") = "TestSerializacionListaObjetos", "TestSerializacionListaObjetos\TestSerializacionListaObjetos.csproj", "{69BBE385-8072-4265-AF74-CC9E3234C921}"
EndProject
Project("{9A19103F-16F7-4668-BE54-9A1E7A4F7556}") = "Entidades", "..\TestSerializacionUnObjeto\Entidades\Entidades.csproj", "{3053FC53-36F0-4FC4-8710-F264B835DD0F}"
EndProject
Global
	GlobalSection(SolutionConfigurationPlatforms) = preSolution
		Debug|Any CPU = Debug|Any CPU
		Release|Any CPU = Release|Any CPU
	EndGlobalSection
	GlobalSection(ProjectConfigurationPlatforms) = postSolution
		{69BBE385-8072-4265-AF74-CC9E3234C921}.Debug|Any CPU.ActiveCfg = Debug|Any CPU
		{69BBE385-8072-4265-AF74-CC9E3234C921}.Debug|Any CPU.Build.0 = Debug|Any CPU
		{69BBE385-8072-4265-AF74-CC9E3234C921}.Release|Any CPU.ActiveCfg = Release|Any CPU
		{69BBE385-8072-4265-AF74-CC9E3234C921}.Release|Any CPU.Build.0 = Release|Any CPU
		{3053FC53-36F0-4FC4-8710-F264B835DD0F}.Debug|Any CPU.ActiveCfg = Debug|Any CPU
		{3053FC53-36F0-4FC4-8710-F264B835DD0F}.Debug|Any CPU.Build.0 = Debug|Any CPU
		{3053FC53-36F0-4FC4-8710-F264B835DD0F}.Release|Any CPU.ActiveCfg = Release|Any CPU
		{3053FC53-36F0-4FC4-8710-F264B835DD0F}.Release|Any CPU.Build.0 = Release|Any CPU
	EndGlobalSection
	GlobalSection(SolutionProperties) = preSolution
		HideSolutionNode = FALSE
	EndGlobalSection
	GlobalSection(ExtensibilityGlobals) = postSolution
		SolutionGuid = {17B1D7B7-AD04-488F-BC0B-CCEF5FD979C0}
	EndGlobalSection
EndGlobal
