
Microsoft Visual Studio Solution File, Format Version 12.00
# Visual Studio Version 16
VisualStudioVersion = 16.0.31624.102
MinimumVisualStudioVersion = 10.0.40219.1
Project("{FAE04EC0-301F-11D3-BF4B-00C04F79EFBC}") = "Ejercicio 14", "Ejercicio 14\Ejercicio 14.csproj", "{9B25A64F-4536-400C-A53F-B4FEF6767967}"
EndProject
Project("{FAE04EC0-301F-11D3-BF4B-00C04F79EFBC}") = "BibliotecaClases", "BibliotecaClases\BibliotecaClases.csproj", "{EEDD0C11-7B1E-47C5-9E15-8A462424F9D5}"
EndProject
Global
	GlobalSection(SolutionConfigurationPlatforms) = preSolution
		Debug|Any CPU = Debug|Any CPU
		Release|Any CPU = Release|Any CPU
	EndGlobalSection
	GlobalSection(ProjectConfigurationPlatforms) = postSolution
		{9B25A64F-4536-400C-A53F-B4FEF6767967}.Debug|Any CPU.ActiveCfg = Debug|Any CPU
		{9B25A64F-4536-400C-A53F-B4FEF6767967}.Debug|Any CPU.Build.0 = Debug|Any CPU
		{9B25A64F-4536-400C-A53F-B4FEF6767967}.Release|Any CPU.ActiveCfg = Release|Any CPU
		{9B25A64F-4536-400C-A53F-B4FEF6767967}.Release|Any CPU.Build.0 = Release|Any CPU
		{EEDD0C11-7B1E-47C5-9E15-8A462424F9D5}.Debug|Any CPU.ActiveCfg = Debug|Any CPU
		{EEDD0C11-7B1E-47C5-9E15-8A462424F9D5}.Debug|Any CPU.Build.0 = Debug|Any CPU
		{EEDD0C11-7B1E-47C5-9E15-8A462424F9D5}.Release|Any CPU.ActiveCfg = Release|Any CPU
		{EEDD0C11-7B1E-47C5-9E15-8A462424F9D5}.Release|Any CPU.Build.0 = Release|Any CPU
	EndGlobalSection
	GlobalSection(SolutionProperties) = preSolution
		HideSolutionNode = FALSE
	EndGlobalSection
	GlobalSection(ExtensibilityGlobals) = postSolution
		SolutionGuid = {5FB010F0-99C8-4D16-857A-ED8AF5DA3D33}
	EndGlobalSection
EndGlobal
