
Microsoft Visual Studio Solution File, Format Version 12.00
# Visual Studio Version 16
VisualStudioVersion = 16.0.31624.102
MinimumVisualStudioVersion = 10.0.40219.1
Project("{FAE04EC0-301F-11D3-BF4B-00C04F79EFBC}") = "Ejercicio 19", "Ejercicio 19\Ejercicio 19.csproj", "{1B7D6365-6AE8-489A-9EC3-9266A1AC8C8C}"
EndProject
Project("{FAE04EC0-301F-11D3-BF4B-00C04F79EFBC}") = "Entidades", "Entidades\Entidades.csproj", "{BCEB55AC-03D3-4434-919E-D0FD8748A481}"
EndProject
Global
	GlobalSection(SolutionConfigurationPlatforms) = preSolution
		Debug|Any CPU = Debug|Any CPU
		Release|Any CPU = Release|Any CPU
	EndGlobalSection
	GlobalSection(ProjectConfigurationPlatforms) = postSolution
		{1B7D6365-6AE8-489A-9EC3-9266A1AC8C8C}.Debug|Any CPU.ActiveCfg = Debug|Any CPU
		{1B7D6365-6AE8-489A-9EC3-9266A1AC8C8C}.Debug|Any CPU.Build.0 = Debug|Any CPU
		{1B7D6365-6AE8-489A-9EC3-9266A1AC8C8C}.Release|Any CPU.ActiveCfg = Release|Any CPU
		{1B7D6365-6AE8-489A-9EC3-9266A1AC8C8C}.Release|Any CPU.Build.0 = Release|Any CPU
		{BCEB55AC-03D3-4434-919E-D0FD8748A481}.Debug|Any CPU.ActiveCfg = Debug|Any CPU
		{BCEB55AC-03D3-4434-919E-D0FD8748A481}.Debug|Any CPU.Build.0 = Debug|Any CPU
		{BCEB55AC-03D3-4434-919E-D0FD8748A481}.Release|Any CPU.ActiveCfg = Release|Any CPU
		{BCEB55AC-03D3-4434-919E-D0FD8748A481}.Release|Any CPU.Build.0 = Release|Any CPU
	EndGlobalSection
	GlobalSection(SolutionProperties) = preSolution
		HideSolutionNode = FALSE
	EndGlobalSection
	GlobalSection(ExtensibilityGlobals) = postSolution
		SolutionGuid = {0D5E42FB-7487-4B51-A93E-1989AE149486}
	EndGlobalSection
EndGlobal
