
Microsoft Visual Studio Solution File, Format Version 12.00
# Visual Studio Version 16
VisualStudioVersion = 16.0.31624.102
MinimumVisualStudioVersion = 10.0.40219.1
Project("{FAE04EC0-301F-11D3-BF4B-00C04F79EFBC}") = "Ejercicio 24", "Ejercicio 24\Ejercicio 24.csproj", "{5878FC8A-06BC-4781-A8E6-457A0DB35C38}"
EndProject
Project("{9A19103F-16F7-4668-BE54-9A1E7A4F7556}") = "Entidades", "Entidades\Entidades.csproj", "{EAEFA420-2C97-45C5-B22D-BD3A84B75450}"
EndProject
Global
	GlobalSection(SolutionConfigurationPlatforms) = preSolution
		Debug|Any CPU = Debug|Any CPU
		Release|Any CPU = Release|Any CPU
	EndGlobalSection
	GlobalSection(ProjectConfigurationPlatforms) = postSolution
		{5878FC8A-06BC-4781-A8E6-457A0DB35C38}.Debug|Any CPU.ActiveCfg = Debug|Any CPU
		{5878FC8A-06BC-4781-A8E6-457A0DB35C38}.Debug|Any CPU.Build.0 = Debug|Any CPU
		{5878FC8A-06BC-4781-A8E6-457A0DB35C38}.Release|Any CPU.ActiveCfg = Release|Any CPU
		{5878FC8A-06BC-4781-A8E6-457A0DB35C38}.Release|Any CPU.Build.0 = Release|Any CPU
		{EAEFA420-2C97-45C5-B22D-BD3A84B75450}.Debug|Any CPU.ActiveCfg = Debug|Any CPU
		{EAEFA420-2C97-45C5-B22D-BD3A84B75450}.Debug|Any CPU.Build.0 = Debug|Any CPU
		{EAEFA420-2C97-45C5-B22D-BD3A84B75450}.Release|Any CPU.ActiveCfg = Release|Any CPU
		{EAEFA420-2C97-45C5-B22D-BD3A84B75450}.Release|Any CPU.Build.0 = Release|Any CPU
	EndGlobalSection
	GlobalSection(SolutionProperties) = preSolution
		HideSolutionNode = FALSE
	EndGlobalSection
	GlobalSection(ExtensibilityGlobals) = postSolution
		SolutionGuid = {809CD04A-1A30-47CC-AABD-8A5EC0BE2967}
	EndGlobalSection
EndGlobal
